// !$*UTF8*$!
{
	archiveVersion = 1;
	classes = {
	};
	objectVersion = 46;
	objects = {

/* Begin PBXBuildFile section */
		58DA8A2D1B67D38900E0179F /* Food.swift in Sources */ = {isa = PBXBuildFile; fileRef = 58DA8A2C1B67D38900E0179F /* Food.swift */; };
		58DA8A2F1B67E90A00E0179F /* DetailViewcontroller.swift in Sources */ = {isa = PBXBuildFile; fileRef = 58DA8A2E1B67E90A00E0179F /* DetailViewcontroller.swift */; };
		58FFF8B51B66AEA400D5CCFC /* AppDelegate.swift in Sources */ = {isa = PBXBuildFile; fileRef = 58FFF8B41B66AEA400D5CCFC /* AppDelegate.swift */; };
		58FFF8BA1B66AEA400D5CCFC /* Main.storyboard in Resources */ = {isa = PBXBuildFile; fileRef = 58FFF8B81B66AEA400D5CCFC /* Main.storyboard */; };
		58FFF8BC1B66AEA400D5CCFC /* Images.xcassets in Resources */ = {isa = PBXBuildFile; fileRef = 58FFF8BB1B66AEA400D5CCFC /* Images.xcassets */; };
		58FFF8BF1B66AEA400D5CCFC /* LaunchScreen.xib in Resources */ = {isa = PBXBuildFile; fileRef = 58FFF8BD1B66AEA400D5CCFC /* LaunchScreen.xib */; };
		58FFF8CB1B66AEA400D5CCFC /* yummyDesserts2Tests.swift in Sources */ = {isa = PBXBuildFile; fileRef = 58FFF8CA1B66AEA400D5CCFC /* yummyDesserts2Tests.swift */; };
		58FFF8D51B66AF4000D5CCFC /* TableViewController.swift in Sources */ = {isa = PBXBuildFile; fileRef = 58FFF8D41B66AF4000D5CCFC /* TableViewController.swift */; };
		58FFF8D71B66BA5800D5CCFC /* myCell.swift in Sources */ = {isa = PBXBuildFile; fileRef = 58FFF8D61B66BA5800D5CCFC /* myCell.swift */; };
		9D8F70581CD89BBF00C406A6 /* Touch.swift in Sources */ = {isa = PBXBuildFile; fileRef = 9D8F70571CD89BBF00C406A6 /* Touch.swift */; settings = {ASSET_TAGS = (); }; };
		9DEBD78D1CDB49C500572B0A /* TouchId.swift in Sources */ = {isa = PBXBuildFile; fileRef = 9DEBD78C1CDB49C500572B0A /* TouchId.swift */; settings = {ASSET_TAGS = (); }; };
/* End PBXBuildFile section */

/* Begin PBXContainerItemProxy section */
		58FFF8C51B66AEA400D5CCFC /* PBXContainerItemProxy */ = {
			isa = PBXContainerItemProxy;
			containerPortal = 58FFF8A71B66AEA400D5CCFC /* Project object */;
			proxyType = 1;
			remoteGlobalIDString = 58FFF8AE1B66AEA400D5CCFC;
			remoteInfo = yummyDesserts2;
		};
/* End PBXContainerItemProxy section */

/* Begin PBXFileReference section */
		58DA8A2C1B67D38900E0179F /* Food.swift */ = {isa = PBXFileReference; fileEncoding = 4; lastKnownFileType = sourcecode.swift; path = Food.swift; sourceTree = "<group>"; };
		58DA8A2E1B67E90A00E0179F /* DetailViewcontroller.swift */ = {isa = PBXFileReference; fileEncoding = 4; lastKnownFileType = sourcecode.swift; path = DetailViewcontroller.swift; sourceTree = "<group>"; };
		58FFF8AF1B66AEA400D5CCFC /* yummyDesserts2.app */ = {isa = PBXFileReference; explicitFileType = wrapper.application; includeInIndex = 0; path = yummyDesserts2.app; sourceTree = BUILT_PRODUCTS_DIR; };
		58FFF8B31B66AEA400D5CCFC /* Info.plist */ = {isa = PBXFileReference; lastKnownFileType = text.plist.xml; path = Info.plist; sourceTree = "<group>"; };
		58FFF8B41B66AEA400D5CCFC /* AppDelegate.swift */ = {isa = PBXFileReference; lastKnownFileType = sourcecode.swift; path = AppDelegate.swift; sourceTree = "<group>"; };
		58FFF8B91B66AEA400D5CCFC /* Base */ = {isa = PBXFileReference; lastKnownFileType = file.storyboard; name = Base; path = Base.lproj/Main.storyboard; sourceTree = "<group>"; };
		58FFF8BB1B66AEA400D5CCFC /* Images.xcassets */ = {isa = PBXFileReference; lastKnownFileType = folder.assetcatalog; path = Images.xcassets; sourceTree = "<group>"; };
		58FFF8BE1B66AEA400D5CCFC /* Base */ = {isa = PBXFileReference; lastKnownFileType = file.xib; name = Base; path = Base.lproj/LaunchScreen.xib; sourceTree = "<group>"; };
		58FFF8C41B66AEA400D5CCFC /* yummyDesserts2Tests.xctest */ = {isa = PBXFileReference; explicitFileType = wrapper.cfbundle; includeInIndex = 0; path = yummyDesserts2Tests.xctest; sourceTree = BUILT_PRODUCTS_DIR; };
		58FFF8C91B66AEA400D5CCFC /* Info.plist */ = {isa = PBXFileReference; lastKnownFileType = text.plist.xml; path = Info.plist; sourceTree = "<group>"; };
		58FFF8CA1B66AEA400D5CCFC /* yummyDesserts2Tests.swift */ = {isa = PBXFileReference; lastKnownFileType = sourcecode.swift; path = yummyDesserts2Tests.swift; sourceTree = "<group>"; };
		58FFF8D41B66AF4000D5CCFC /* TableViewController.swift */ = {isa = PBXFileReference; fileEncoding = 4; lastKnownFileType = sourcecode.swift; name = TableViewController.swift; path = yummyDesserts2.xcodeproj/../TableViewController.swift; sourceTree = SOURCE_ROOT; };
		58FFF8D61B66BA5800D5CCFC /* myCell.swift */ = {isa = PBXFileReference; fileEncoding = 4; lastKnownFileType = sourcecode.swift; path = myCell.swift; sourceTree = "<group>"; };
		9D8F70571CD89BBF00C406A6 /* Touch.swift */ = {isa = PBXFileReference; fileEncoding = 4; lastKnownFileType = sourcecode.swift; path = Touch.swift; sourceTree = "<group>"; };
		9DEBD78C1CDB49C500572B0A /* TouchId.swift */ = {isa = PBXFileReference; fileEncoding = 4; lastKnownFileType = sourcecode.swift; path = TouchId.swift; sourceTree = "<group>"; };
/* End PBXFileReference section */

/* Begin PBXFrameworksBuildPhase section */
		58FFF8AC1B66AEA400D5CCFC /* Frameworks */ = {
			isa = PBXFrameworksBuildPhase;
			buildActionMask = 2147483647;
			files = (
			);
			runOnlyForDeploymentPostprocessing = 0;
		};
		58FFF8C11B66AEA400D5CCFC /* Frameworks */ = {
			isa = PBXFrameworksBuildPhase;
			buildActionMask = 2147483647;
			files = (
			);
			runOnlyForDeploymentPostprocessing = 0;
		};
/* End PBXFrameworksBuildPhase section */

/* Begin PBXGroup section */
		58FFF8A61B66AEA400D5CCFC = {
			isa = PBXGroup;
			children = (
				9DEBD78C1CDB49C500572B0A /* TouchId.swift */,
				58FFF8B11B66AEA400D5CCFC /* yummyDesserts2 */,
				58FFF8C71B66AEA400D5CCFC /* yummyDesserts2Tests */,
				58FFF8B01B66AEA400D5CCFC /* Products */,
			);
			sourceTree = "<group>";
		};
		58FFF8B01B66AEA400D5CCFC /* Products */ = {
			isa = PBXGroup;
			children = (
				58FFF8AF1B66AEA400D5CCFC /* yummyDesserts2.app */,
				58FFF8C41B66AEA400D5CCFC /* yummyDesserts2Tests.xctest */,
			);
			name = Products;
			sourceTree = "<group>";
		};
		58FFF8B11B66AEA400D5CCFC /* yummyDesserts2 */ = {
			isa = PBXGroup;
			children = (
				58FFF8B41B66AEA400D5CCFC /* AppDelegate.swift */,
				58DA8A2C1B67D38900E0179F /* Food.swift */,
				58FFF8D61B66BA5800D5CCFC /* myCell.swift */,
				58DA8A2E1B67E90A00E0179F /* DetailViewcontroller.swift */,
				58FFF8D41B66AF4000D5CCFC /* TableViewController.swift */,
				58FFF8B81B66AEA400D5CCFC /* Main.storyboard */,
				9D8F70571CD89BBF00C406A6 /* Touch.swift */,
				58FFF8BB1B66AEA400D5CCFC /* Images.xcassets */,
				58FFF8BD1B66AEA400D5CCFC /* LaunchScreen.xib */,
				58FFF8B21B66AEA400D5CCFC /* Supporting Files */,
			);
			path = yummyDesserts2;
			sourceTree = "<group>";
		};
		58FFF8B21B66AEA400D5CCFC /* Supporting Files */ = {
			isa = PBXGroup;
			children = (
				58FFF8B31B66AEA400D5CCFC /* Info.plist */,
			);
			name = "Supporting Files";
			sourceTree = "<group>";
		};
		58FFF8C71B66AEA400D5CCFC /* yummyDesserts2Tests */ = {
			isa = PBXGroup;
			children = (
				58FFF8CA1B66AEA400D5CCFC /* yummyDesserts2Tests.swift */,
				58FFF8C81B66AEA400D5CCFC /* Supporting Files */,
			);
			path = yummyDesserts2Tests;
			sourceTree = "<group>";
		};
		58FFF8C81B66AEA400D5CCFC /* Supporting Files */ = {
			isa = PBXGroup;
			children = (
				58FFF8C91B66AEA400D5CCFC /* Info.plist */,
			);
			name = "Supporting Files";
			sourceTree = "<group>";
		};
/* End PBXGroup section */

/* Begin PBXNativeTarget section */
		58FFF8AE1B66AEA400D5CCFC /* yummyDesserts2 */ = {
			isa = PBXNativeTarget;
			buildConfigurationList = 58FFF8CE1B66AEA400D5CCFC /* Build configuration list for PBXNativeTarget "yummyDesserts2" */;
			buildPhases = (
				58FFF8AB1B66AEA400D5CCFC /* Sources */,
				58FFF8AC1B66AEA400D5CCFC /* Frameworks */,
				58FFF8AD1B66AEA400D5CCFC /* Resources */,
			);
			buildRules = (
			);
			dependencies = (
			);
			name = yummyDesserts2;
			productName = yummyDesserts2;
			productReference = 58FFF8AF1B66AEA400D5CCFC /* yummyDesserts2.app */;
			productType = "com.apple.product-type.application";
		};
		58FFF8C31B66AEA400D5CCFC /* yummyDesserts2Tests */ = {
			isa = PBXNativeTarget;
			buildConfigurationList = 58FFF8D11B66AEA400D5CCFC /* Build configuration list for PBXNativeTarget "yummyDesserts2Tests" */;
			buildPhases = (
				58FFF8C01B66AEA400D5CCFC /* Sources */,
				58FFF8C11B66AEA400D5CCFC /* Frameworks */,
				58FFF8C21B66AEA400D5CCFC /* Resources */,
			);
			buildRules = (
			);
			dependencies = (
				58FFF8C61B66AEA400D5CCFC /* PBXTargetDependency */,
			);
			name = yummyDesserts2Tests;
			productName = yummyDesserts2Tests;
			productReference = 58FFF8C41B66AEA400D5CCFC /* yummyDesserts2Tests.xctest */;
			productType = "com.apple.product-type.bundle.unit-test";
		};
/* End PBXNativeTarget section */

/* Begin PBXProject section */
		58FFF8A71B66AEA400D5CCFC /* Project object */ = {
			isa = PBXProject;
			attributes = {
				LastSwiftMigration = 0700;
				LastSwiftUpdateCheck = 0700;
				LastUpgradeCheck = 0700;
				ORGANIZATIONNAME = "The Code Lady";
				TargetAttributes = {
					58FFF8AE1B66AEA400D5CCFC = {
						CreatedOnToolsVersion = 6.4;
					};
					58FFF8C31B66AEA400D5CCFC = {
						CreatedOnToolsVersion = 6.4;
						TestTargetID = 58FFF8AE1B66AEA400D5CCFC;
					};
				};
			};
			buildConfigurationList = 58FFF8AA1B66AEA400D5CCFC /* Build configuration list for PBXProject "yummyDesserts2" */;
			compatibilityVersion = "Xcode 3.2";
			developmentRegion = English;
			hasScannedForEncodings = 0;
			knownRegions = (
				en,
				Base,
			);
			mainGroup = 58FFF8A61B66AEA400D5CCFC;
			productRefGroup = 58FFF8B01B66AEA400D5CCFC /* Products */;
			projectDirPath = "";
			projectRoot = "";
			targets = (
				58FFF8AE1B66AEA400D5CCFC /* yummyDesserts2 */,
				58FFF8C31B66AEA400D5CCFC /* yummyDesserts2Tests */,
			);
		};
/* End PBXProject section */

/* Begin PBXResourcesBuildPhase section */
		58FFF8AD1B66AEA400D5CCFC /* Resources */ = {
			isa = PBXResourcesBuildPhase;
			buildActionMask = 2147483647;
			files = (
				58FFF8BA1B66AEA400D5CCFC /* Main.storyboard in Resources */,
				58FFF8BF1B66AEA400D5CCFC /* LaunchScreen.xib in Resources */,
				58FFF8BC1B66AEA400D5CCFC /* Images.xcassets in Resources */,
			);
			runOnlyForDeploymentPostprocessing = 0;
		};
		58FFF8C21B66AEA400D5CCFC /* Resources */ = {
			isa = PBXResourcesBuildPhase;
			buildActionMask = 2147483647;
			files = (
			);
			runOnlyForDeploymentPostprocessing = 0;
		};
/* End PBXResourcesBuildPhase section */

/* Begin PBXSourcesBuildPhase section */
		58FFF8AB1B66AEA400D5CCFC /* Sources */ = {
			isa = PBXSourcesBuildPhase;
			buildActionMask = 2147483647;
			files = (
				58DA8A2F1B67E90A00E0179F /* DetailViewcontroller.swift in Sources */,
				58FFF8B51B66AEA400D5CCFC /* AppDelegate.swift in Sources */,
				58DA8A2D1B67D38900E0179F /* Food.swift in Sources */,
				9D8F70581CD89BBF00C406A6 /* Touch.swift in Sources */,
				58FFF8D71B66BA5800D5CCFC /* myCell.swift in Sources */,
				9DEBD78D1CDB49C500572B0A /* TouchId.swift in Sources */,
				58FFF8D51B66AF4000D5CCFC /* TableViewController.swift in Sources */,
			);
			runOnlyForDeploymentPostprocessing = 0;
		};
		58FFF8C01B66AEA400D5CCFC /* Sources */ = {
			isa = PBXSourcesBuildPhase;
			buildActionMask = 2147483647;
			files = (
				58FFF8CB1B66AEA400D5CCFC /* yummyDesserts2Tests.swift in Sources */,
			);
			runOnlyForDeploymentPostprocessing = 0;
		};
/* End PBXSourcesBuildPhase section */

/* Begin PBXTargetDependency section */
		58FFF8C61B66AEA400D5CCFC /* PBXTargetDependency */ = {
			isa = PBXTargetDependency;
			target = 58FFF8AE1B66AEA400D5CCFC /* yummyDesserts2 */;
			targetProxy = 58FFF8C51B66AEA400D5CCFC /* PBXContainerItemProxy */;
		};
/* End PBXTargetDependency section */

/* Begin PBXVariantGroup section */
		58FFF8B81B66AEA400D5CCFC /* Main.storyboard */ = {
			isa = PBXVariantGroup;
			children = (
				58FFF8B91B66AEA400D5CCFC /* Base */,
			);
			name = Main.storyboard;
			sourceTree = "<group>";
		};
		58FFF8BD1B66AEA400D5CCFC /* LaunchScreen.xib */ = {
			isa = PBXVariantGroup;
			children = (
				58FFF8BE1B66AEA400D5CCFC /* Base */,
			);
			name = LaunchScreen.xib;
			sourceTree = "<group>";
		};
/* End PBXVariantGroup section */

/* Begin XCBuildConfiguration section */
		58FFF8CC1B66AEA400D5CCFC /* Debug */ = {
			isa = XCBuildConfiguration;
			buildSettings = {
				ALWAYS_SEARCH_USER_PATHS = NO;
				CLANG_CXX_LANGUAGE_STANDARD = "gnu++0x";
				CLANG_CXX_LIBRARY = "libc++";
				CLANG_ENABLE_MODULES = YES;
				CLANG_ENABLE_OBJC_ARC = YES;
				CLANG_WARN_BOOL_CONVERSION = YES;
				CLANG_WARN_CONSTANT_CONVERSION = YES;
				CLANG_WARN_DIRECT_OBJC_ISA_USAGE = YES_ERROR;
				CLANG_WARN_EMPTY_BODY = YES;
				CLANG_WARN_ENUM_CONVERSION = YES;
				CLANG_WARN_INT_CONVERSION = YES;
				CLANG_WARN_OBJC_ROOT_CLASS = YES_ERROR;
				CLANG_WARN_UNREACHABLE_CODE = YES;
				CLANG_WARN__DUPLICATE_METHOD_MATCH = YES;
				"CODE_SIGN_IDENTITY[sdk=iphoneos*]" = "iPhone Developer";
				COPY_PHASE_STRIP = NO;
				DEBUG_INFORMATION_FORMAT = "dwarf-with-dsym";
				ENABLE_STRICT_OBJC_MSGSEND = YES;
				ENABLE_TESTABILITY = YES;
				GCC_C_LANGUAGE_STANDARD = gnu99;
				GCC_DYNAMIC_NO_PIC = NO;
				GCC_NO_COMMON_BLOCKS = YES;
				GCC_OPTIMIZATION_LEVEL = 0;
				GCC_PREPROCESSOR_DEFINITIONS = (
					"DEBUG=1",
					"$(inherited)",
				);
				GCC_SYMBOLS_PRIVATE_EXTERN = NO;
				GCC_WARN_64_TO_32_BIT_CONVERSION = YES;
				GCC_WARN_ABOUT_RETURN_TYPE = YES_ERROR;
				GCC_WARN_UNDECLARED_SELECTOR = YES;
				GCC_WARN_UNINITIALIZED_AUTOS = YES_AGGRESSIVE;
				GCC_WARN_UNUSED_FUNCTION = YES;
				GCC_WARN_UNUSED_VARIABLE = YES;
				IPHONEOS_DEPLOYMENT_TARGET = 9.0;
				MTL_ENABLE_DEBUG_INFO = YES;
				ONLY_ACTIVE_ARCH = YES;
				SDKROOT = iphoneos;
				SWIFT_OPTIMIZATION_LEVEL = "-Onone";
			};
			name = Debug;
		};
		58FFF8CD1B66AEA400D5CCFC /* Release */ = {
			isa = XCBuildConfiguration;
			buildSettings = {
				ALWAYS_SEARCH_USER_PATHS = NO;
				CLANG_CXX_LANGUAGE_STANDARD = "gnu++0x";
				CLANG_CXX_LIBRARY = "libc++";
				CLANG_ENABLE_MODULES = YES;
				CLANG_ENABLE_OBJC_ARC = YES;
				CLANG_WARN_BOOL_CONVERSION = YES;
				CLANG_WARN_CONSTANT_CONVERSION = YES;
				CLANG_WARN_DIRECT_OBJC_ISA_USAGE = YES_ERROR;
				CLANG_WARN_EMPTY_BODY = YES;
				CLANG_WARN_ENUM_CONVERSION = YES;
				CLANG_WARN_INT_CONVERSION = YES;
				CLANG_WARN_OBJC_ROOT_CLASS = YES_ERROR;
				CLANG_WARN_UNREACHABLE_CODE = YES;
				CLANG_WARN__DUPLICATE_METHOD_MATCH = YES;
				"CODE_SIGN_IDENTITY[sdk=iphoneos*]" = "iPhone Developer";
				COPY_PHASE_STRIP = NO;
				DEBUG_INFORMATION_FORMAT = "dwarf-with-dsym";
				ENABLE_NS_ASSERTIONS = NO;
				ENABLE_STRICT_OBJC_MSGSEND = YES;
				GCC_C_LANGUAGE_STANDARD = gnu99;
				GCC_NO_COMMON_BLOCKS = YES;
				GCC_WARN_64_TO_32_BIT_CONVERSION = YES;
				GCC_WARN_ABOUT_RETURN_TYPE = YES_ERROR;
				GCC_WARN_UNDECLARED_SELECTOR = YES;
				GCC_WARN_UNINITIALIZED_AUTOS = YES_AGGRESSIVE;
				GCC_WARN_UNUSED_FUNCTION = YES;
				GCC_WARN_UNUSED_VARIABLE = YES;
				IPHONEOS_DEPLOYMENT_TARGET = 9.0;
				MTL_ENABLE_DEBUG_INFO = NO;
				SDKROOT = iphoneos;
				VALIDATE_PRODUCT = YES;
			};
			name = Release;
		};
		58FFF8CF1B66AEA400D5CCFC /* Debug */ = {
			isa = XCBuildConfiguration;
			buildSettings = {
				ASSETCATALOG_COMPILER_APPICON_NAME = AppIcon;
				INFOPLIST_FILE = yummyDesserts2/Info.plist;
				LD_RUNPATH_SEARCH_PATHS = "$(inherited) @executable_path/Frameworks";
				PRODUCT_BUNDLE_IDENTIFIER = com.ameyinc.co;
				PRODUCT_NAME = "$(TARGET_NAME)";
			};
			name = Debug;
		};
		58FFF8D01B66AEA400D5CCFC /* Release */ = {
			isa = XCBuildConfiguration;
			buildSettings = {
				ASSETCATALOG_COMPILER_APPICON_NAME = AppIcon;
				INFOPLIST_FILE = yummyDesserts2/Info.plist;
				LD_RUNPATH_SEARCH_PATHS = "$(inherited) @executable_path/Frameworks";
				PRODUCT_BUNDLE_IDENTIFIER = com.ameyinc.co;
				PRODUCT_NAME = "$(TARGET_NAME)";
			};
			name = Release;
		};
		58FFF8D21B66AEA400D5CCFC /* Debug */ = {
			isa = XCBuildConfiguration;
			buildSettings = {
				BUNDLE_LOADER = "$(TEST_HOST)";
				FRAMEWORK_SEARCH_PATHS = (
					"$(SDKROOT)/Developer/Library/Frameworks",
					"$(inherited)",
				);
				GCC_PREPROCESSOR_DEFINITIONS = (
					"DEBUG=1",
					"$(inherited)",
				);
				INFOPLIST_FILE = yummyDesserts2Tests/Info.plist;
				LD_RUNPATH_SEARCH_PATHS = "$(inherited) @executable_path/Frameworks @loader_path/Frameworks";
				PRODUCT_BUNDLE_IDENTIFIER = "com.thecodelady.$(PRODUCT_NAME:rfc1034identifier)";
				PRODUCT_NAME = "$(TARGET_NAME)";
				TEST_HOST = "$(BUILT_PRODUCTS_DIR)/yummyDesserts2.app/yummyDesserts2";
			};
			name = Debug;
		};
		58FFF8D31B66AEA400D5CCFC /* Release */ = {
			isa = XCBuildConfiguration;
			buildSettings = {
				BUNDLE_LOADER = "$(TEST_HOST)";
				FRAMEWORK_SEARCH_PATHS = (
					"$(SDKROOT)/Developer/Library/Frameworks",
					"$(inherited)",
				);
				INFOPLIST_FILE = yummyDesserts2Tests/Info.plist;
				LD_RUNPATH_SEARCH_PATHS = "$(inherited) @executable_path/Frameworks @loader_path/Frameworks";
				PRODUCT_BUNDLE_IDENTIFIER = "com.thecodelady.$(PRODUCT_NAME:rfc1034identifier)";
				PRODUCT_NAME = "$(TARGET_NAME)";
				TEST_HOST = "$(BUILT_PRODUCTS_DIR)/yummyDesserts2.app/yummyDesserts2";
			};
			name = Release;
		};
/* End XCBuildConfiguration section */

/* Begin XCConfigurationList section */
		58FFF8AA1B66AEA400D5CCFC /* Build configuration list for PBXProject "yummyDesserts2" */ = {
			isa = XCConfigurationList;
			buildConfigurations = (
				58FFF8CC1B66AEA400D5CCFC /* Debug */,
				58FFF8CD1B66AEA400D5CCFC /* Release */,
			);
			defaultConfigurationIsVisible = 0;
			defaultConfigurationName = Release;
		};
		58FFF8CE1B66AEA400D5CCFC /* Build configuration list for PBXNativeTarget "yummyDesserts2" */ = {
			isa = XCConfigurationList;
			buildConfigurations = (
				58FFF8CF1B66AEA400D5CCFC /* Debug */,
				58FFF8D01B66AEA400D5CCFC /* Release */,
			);
			defaultConfigurationIsVisible = 0;
			defaultConfigurationName = Release;
		};
		58FFF8D11B66AEA400D5CCFC /* Build configuration list for PBXNativeTarget "yummyDesserts2Tests" */ = {
			isa = XCConfigurationList;
			buildConfigurations = (
				58FFF8D21B66AEA400D5CCFC /* Debug */,
				58FFF8D31B66AEA400D5CCFC /* Release */,
			);
			defaultConfigurationIsVisible = 0;
			defaultConfigurationName = Release;
		};
/* End XCConfigurationList section */
	};
	rootObject = 58FFF8A71B66AEA400D5CCFC /* Project object */;
}
